# THIS IS AN AUTOGENERATED FILE. DO NOT EDIT THIS FILE DIRECTLY.
# yarn lockfile v1


"@ant-design/colors@^6.0.0":
  version "6.0.0"
  resolved "https://registry.npmmirror.com/@ant-design/colors/-/colors-6.0.0.tgz#9b9366257cffcc47db42b9d0203bb592c13c0298"
  integrity sha512-qAZRvPzfdWHtfameEGP2Qvuf838NhergR35o+EuVyB5XvSA98xod5r4utvi4TJ3ywmevm290g9nsCG5MryrdWQ==
  dependencies:
    "@ctrl/tinycolor" "^3.4.0"

"@ant-design/icons-svg@^4.2.1":
  version "4.2.1"
  resolved "https://registry.npmmirror.com/@ant-design/icons-svg/-/icons-svg-4.2.1.tgz#8630da8eb4471a4aabdaed7d1ff6a97dcb2cf05a"
  integrity sha512-EB0iwlKDGpG93hW8f85CTJTs4SvMX7tt5ceupvhALp1IF44SeUFOMhKUOYqpsoYWQKAOuTRDMqn75rEaKDp0Xw==

"@ant-design/icons-vue@^6.1.0":
  version "6.1.0"
  resolved "https://registry.npmmirror.com/@ant-design/icons-vue/-/icons-vue-6.1.0.tgz#f9324fdc0eb4cea943cf626d2bf3db9a4ff4c074"
  integrity sha512-EX6bYm56V+ZrKN7+3MT/ubDkvJ5rK/O2t380WFRflDcVFgsvl3NLH7Wxeau6R8DbrO5jWR6DSTC3B6gYFp77AA==
  dependencies:
    "@ant-design/colors" "^6.0.0"
    "@ant-design/icons-svg" "^4.2.1"

"@apollo/client@^3.6.5":
  version "3.6.5"
  resolved "https://registry.npmmirror.com/@apollo/client/-/client-3.6.5.tgz#6a7baaf05852187b0eac1c6064e721d47326d70c"
  integrity sha512-xGAZzv1f5abyH45MSU5eOLyGQuP4Ps0OhP36pSCtt6pCICI3n4yDkdftFCPvqDVqVTuciX1kkyeJPfGodz5kwg==
  dependencies:
    "@graphql-typed-document-node/core" "^3.1.1"
    "@wry/context" "^0.6.0"
    "@wry/equality" "^0.5.0"
    "@wry/trie" "^0.3.0"
    graphql-tag "^2.12.6"
    hoist-non-react-statics "^3.3.2"
    optimism "^0.16.1"
    prop-types "^15.7.2"
    symbol-observable "^4.0.0"
    ts-invariant "^0.10.3"
    tslib "^2.3.0"
    zen-observable-ts "^1.2.5"

"@babel/parser@^7.16.4":
  version "7.18.3"
  resolved "https://registry.npmmirror.com/@babel/parser/-/parser-7.18.3.tgz#39e99c7b0c4c56cef4d1eed8de9f506411c2ebc2"
  integrity sha512-rL50YcEuHbbauAFAysNsJA4/f89fGTOBRNs9P81sniKnKAr4xULe5AecolcsKbi88xu0ByWYDj/S1AJ3FSFuSQ==

"@babel/runtime@^7.10.5":
  version "7.18.3"
  resolved "https://registry.npmmirror.com/@babel/runtime/-/runtime-7.18.3.tgz#c7b654b57f6f63cf7f8b418ac9ca04408c4579f4"
  integrity sha512-38Y8f7YUhce/K7RMwTp7m0uCumpv9hZkitCbBClqQIow1qSbCvGkcegKOXpEWCQLfWmevgRiWokZ1GkpfhbZug==
  dependencies:
    regenerator-runtime "^0.13.4"

"@ctrl/tinycolor@^3.4.0":
  version "3.4.1"
  resolved "https://registry.npmmirror.com/@ctrl/tinycolor/-/tinycolor-3.4.1.tgz#75b4c27948c81e88ccd3a8902047bcd797f38d32"
  integrity sha512-ej5oVy6lykXsvieQtqZxCOaLT+xD4+QNarq78cIYISHmZXshCvROLudpQN3lfL8G0NL7plMSSK+zlyvCaIJ4Iw==

"@graphql-typed-document-node/core@^3.1.1":
  version "3.1.1"
  resolved "https://registry.npmmirror.com/@graphql-typed-document-node/core/-/core-3.1.1.tgz#076d78ce99822258cf813ecc1e7fa460fa74d052"
  integrity sha512-NQ17ii0rK1b34VZonlmT2QMJFI70m0TRwbknO/ihlbatXyaktDhN/98vBiUU6kNBPljqGqyIrl2T4nY2RpFANg==

"@logicflow/core@^1.1.19":
  version "1.1.19"
  resolved "https://registry.npmmirror.com/@logicflow/core/-/core-1.1.19.tgz#caab9ec2b0ce95966d93dfea6ad548af9145f460"
  integrity sha512-di9ZDZyZ0WrZVSt9GUwYN8vZuRj81Xuiwp3WNcqwIp4NFdbfE7nBcO+VzwzYSO2MXbOz0gIkr99Ubw83gX0FyA==
  dependencies:
    "@types/mousetrap" "^1.6.4"
    mousetrap "^1.6.5"
    preact "^10.4.8"

"@logicflow/extension@^1.1.19":
  version "1.1.19"
  resolved "https://registry.npmmirror.com/@logicflow/extension/-/extension-1.1.19.tgz#cec3b9ebc9a22966bc56a9150a953a06f1527d24"
  integrity sha512-uwXTJjWk4fc/yCkLaVSJWwdNUjzIc6NQOmNBcGOhlzXB4nB2cmcIxBN9ZYE46ooq9YxQODloT0OgGJ9cyWGrYw==
  dependencies:
    "@logicflow/core" "^1.1.19"
    ids "^1.0.0"
    preact "^10.4.8"

"@simonwep/pickr@~1.8.0":
  version "1.8.2"
  resolved "https://registry.npmmirror.com/@simonwep/pickr/-/pickr-1.8.2.tgz#96dc86675940d7cad63d69c22083dd1cbb9797cb"
  integrity sha512-/l5w8BIkrpP6n1xsetx9MWPWlU6OblN5YgZZphxan0Tq4BByTCETL6lyIeY8lagalS2Nbt4F2W034KHLIiunKA==
  dependencies:
    core-js "^3.15.1"
    nanopop "^2.1.0"

"@types/mousetrap@^1.6.4":
  version "1.6.9"
  resolved "https://registry.npmmirror.com/@types/mousetrap/-/mousetrap-1.6.9.tgz#f1ef9adbd1eac3466f21b6988b1c82c633a45340"
  integrity sha512-HUAiN65VsRXyFCTicolwb5+I7FM6f72zjMWr+ajGk+YTvzBgXqa2A5U7d+rtsouAkunJ5U4Sb5lNJjo9w+nmXg==

"@types/node@^17.0.35":
  version "17.0.35"
  resolved "https://registry.npmmirror.com/@types/node/-/node-17.0.35.tgz#635b7586086d51fb40de0a2ec9d1014a5283ba4a"
  integrity sha512-vu1SrqBjbbZ3J6vwY17jBs8Sr/BKA+/a/WtjRG+whKg1iuLFOosq872EXS0eXWILdO36DHQQeku/ZcL6hz2fpg==

"@vitejs/plugin-vue@^2.3.3":
  version "2.3.3"
  resolved "https://registry.npmmirror.com/@vitejs/plugin-vue/-/plugin-vue-2.3.3.tgz#fbf80cc039b82ac21a1acb0f0478de8f61fbf600"
  integrity sha512-SmQLDyhz+6lGJhPELsBdzXGc+AcaT8stgkbiTFGpXPe8Tl1tJaBw1A6pxDqDuRsVkD8uscrkx3hA7QDOoKYtyw==

"@volar/code-gen@0.34.16":
  version "0.34.16"
  resolved "https://registry.npmmirror.com/@volar/code-gen/-/code-gen-0.34.16.tgz#32885846b51d420ab673c0ec5aa5b6b4f8fd9152"
  integrity sha512-ep5us1iF66WlwzCFjTHMIdULIHzu6661228NknkSBGEAh878GPO+AgUqyQn9tY+al0KrsLuDRQVt6pwmeLoqwQ==
  dependencies:
    "@volar/source-map" "0.34.16"

"@volar/source-map@0.34.16":
  version "0.34.16"
  resolved "https://registry.npmmirror.com/@volar/source-map/-/source-map-0.34.16.tgz#c2f927825604fa0dd7b4ca53292cc6a5dd08f3d7"
  integrity sha512-50F1XWcVRzKVXqwO7J39hZ4qd/htzHj62dsywz7FfhZZSOaQ43XT3uEy7cBAVgw7gs+qChFaUJAhM1iHb0FyOQ==

"@volar/vue-code-gen@0.34.16":
  version "0.34.16"
  resolved "https://registry.npmmirror.com/@volar/vue-code-gen/-/vue-code-gen-0.34.16.tgz#2678f0762614bae0f0cafc0dbfcc286facbeab6e"
  integrity sha512-R8OGn26pCQsctXLa6mZi3BIkyXemcrhibTRGrVh1z2TqWMtnCIT/NiAYXR7kAH4UzFEpglOJAIxrjwnodJ7x6w==
  dependencies:
    "@volar/code-gen" "0.34.16"
    "@volar/source-map" "0.34.16"
    "@vue/compiler-core" "^3.2.31"
    "@vue/compiler-dom" "^3.2.31"
    "@vue/shared" "^3.2.31"

"@volar/vue-typescript@0.34.16":
  version "0.34.16"
  resolved "https://registry.npmmirror.com/@volar/vue-typescript/-/vue-typescript-0.34.16.tgz#016cee6328313c8b4876d3e87747cdcd74a2508f"
  integrity sha512-Jmo19pKRJAIhbAmr/1974knqKws9FZlnYWuCDvvg9wimKHTFosjDhDysORIMVHZ97og/0idK70iIKbcsyDadvw==
  dependencies:
    "@volar/code-gen" "0.34.16"
    "@volar/source-map" "0.34.16"
    "@volar/vue-code-gen" "0.34.16"
    "@vue/compiler-sfc" "^3.2.31"
    "@vue/reactivity" "^3.2.31"

"@vue/compiler-core@3.2.36", "@vue/compiler-core@^3.2.31":
  version "3.2.36"
  resolved "https://registry.npmmirror.com/@vue/compiler-core/-/compiler-core-3.2.36.tgz#2fa44595308c95610602df54dcb69063ba2c8383"
  integrity sha512-bbyZM5hvBicv0PW3KUfVi+x3ylHnfKG7DOn5wM+f2OztTzTjLEyBb/5yrarIYpmnGitVGbjZqDbODyW4iK8hqw==
  dependencies:
    "@babel/parser" "^7.16.4"
    "@vue/shared" "3.2.36"
    estree-walker "^2.0.2"
    source-map "^0.6.1"

"@vue/compiler-dom@3.2.36", "@vue/compiler-dom@^3.2.31":
  version "3.2.36"
  resolved "https://registry.npmmirror.com/@vue/compiler-dom/-/compiler-dom-3.2.36.tgz#16d911ff163ed5fc8087a01645bf14bb7f325401"
  integrity sha512-tcOTAOiW4s24QLnq+ON6J+GRONXJ+A/mqKCORi0LSlIh8XQlNnlm24y8xIL8la+ZDgkdbjarQ9ZqYSvEja6gVA==
  dependencies:
    "@vue/compiler-core" "3.2.36"
    "@vue/shared" "3.2.36"

"@vue/compiler-sfc@3.2.36", "@vue/compiler-sfc@^3.2.31":
  version "3.2.36"
  resolved "https://registry.npmmirror.com/@vue/compiler-sfc/-/compiler-sfc-3.2.36.tgz#e5065e7c0e5170ffa750e3c3dd93a29db109d0f2"
  integrity sha512-AvGb4bTj4W8uQ4BqaSxo7UwTEqX5utdRSMyHy58OragWlt8nEACQ9mIeQh3K4di4/SX+41+pJrLIY01lHAOFOA==
  dependencies:
    "@babel/parser" "^7.16.4"
    "@vue/compiler-core" "3.2.36"
    "@vue/compiler-dom" "3.2.36"
    "@vue/compiler-ssr" "3.2.36"
    "@vue/reactivity-transform" "3.2.36"
    "@vue/shared" "3.2.36"
    estree-walker "^2.0.2"
    magic-string "^0.25.7"
    postcss "^8.1.10"
    source-map "^0.6.1"

"@vue/compiler-ssr@3.2.36":
  version "3.2.36"
  resolved "https://registry.npmmirror.com/@vue/compiler-ssr/-/compiler-ssr-3.2.36.tgz#314f3a9424db58142c3608f48cbda7aa05fc66cb"
  integrity sha512-+KugInUFRvOxEdLkZwE+W43BqHyhBh0jpYXhmqw1xGq2dmE6J9eZ8UUSOKNhdHtQ/iNLWWeK/wPZkVLUf3YGaw==
  dependencies:
    "@vue/compiler-dom" "3.2.36"
    "@vue/shared" "3.2.36"

"@vue/devtools-api@^6.0.0", "@vue/devtools-api@^6.1.4":
  version "6.1.4"
  resolved "https://registry.npmmirror.com/@vue/devtools-api/-/devtools-api-6.1.4.tgz#b4aec2f4b4599e11ba774a50c67fa378c9824e53"
  integrity sha512-IiA0SvDrJEgXvVxjNkHPFfDx6SXw0b/TUkqMcDZWNg9fnCAHbTpoo59YfJ9QLFkwa3raau5vSlRVzMSLDnfdtQ==

"@vue/reactivity-transform@3.2.36":
  version "3.2.36"
  resolved "https://registry.npmmirror.com/@vue/reactivity-transform/-/reactivity-transform-3.2.36.tgz#8426a941b0b09d1b94fc162d4642758183b5d133"
  integrity sha512-Jk5o2BhpODC9XTA7o4EL8hSJ4JyrFWErLtClG3NH8wDS7ri9jBDWxI7/549T7JY9uilKsaNM+4pJASLj5dtRwA==
  dependencies:
    "@babel/parser" "^7.16.4"
    "@vue/compiler-core" "3.2.36"
    "@vue/shared" "3.2.36"
    estree-walker "^2.0.2"
    magic-string "^0.25.7"

"@vue/reactivity@3.2.36", "@vue/reactivity@^3.2.31":
  version "3.2.36"
  resolved "https://registry.npmmirror.com/@vue/reactivity/-/reactivity-3.2.36.tgz#026b14e716febffe80cd284fd8a2b33378968646"
  integrity sha512-c2qvopo0crh9A4GXi2/2kfGYMxsJW4tVILrqRPydVGZHhq0fnzy6qmclWOhBFckEhmyxmpHpdJtIRYGeKcuhnA==
  dependencies:
    "@vue/shared" "3.2.36"

"@vue/runtime-core@3.2.36":
  version "3.2.36"
  resolved "https://registry.npmmirror.com/@vue/runtime-core/-/runtime-core-3.2.36.tgz#be5115e665679c26bf3807d2326675dc1d847134"
  integrity sha512-PTWBD+Lub+1U3/KhbCExrfxyS14hstLX+cBboxVHaz+kXoiDLNDEYAovPtxeTutbqtClIXtft+wcGdC+FUQ9qQ==
  dependencies:
    "@vue/reactivity" "3.2.36"
    "@vue/shared" "3.2.36"

"@vue/runtime-dom@3.2.36":
  version "3.2.36"
  resolved "https://registry.npmmirror.com/@vue/runtime-dom/-/runtime-dom-3.2.36.tgz#cd5d403ea23c18ee7c17767103a1b2f8263c54bb"
  integrity sha512-gYPYblm7QXHVuBohqNRRT7Wez0f2Mx2D40rb4fleehrJU9CnkjG0phhcGEZFfGwCmHZRqBCRgbFWE98bPULqkg==
  dependencies:
    "@vue/runtime-core" "3.2.36"
    "@vue/shared" "3.2.36"
    csstype "^2.6.8"

"@vue/server-renderer@3.2.36":
  version "3.2.36"
  resolved "https://registry.npmmirror.com/@vue/server-renderer/-/server-renderer-3.2.36.tgz#1e7c1cf63bd17df7828d04e8c780ee6ca7a9ed7c"
  integrity sha512-uZE0+jfye6yYXWvAQYeHZv+f50sRryvy16uiqzk3jn8hEY8zTjI+rzlmZSGoE915k+W/Ol9XSw6vxOUD8dGkUg==
  dependencies:
    "@vue/compiler-ssr" "3.2.36"
    "@vue/shared" "3.2.36"

"@vue/shared@3.2.36", "@vue/shared@^3.2.31":
  version "3.2.36"
  resolved "https://registry.npmmirror.com/@vue/shared/-/shared-3.2.36.tgz#35e11200542cf29068ba787dad57da9bdb82f644"
  integrity sha512-JtB41wXl7Au3+Nl3gD16Cfpj7k/6aCroZ6BbOiCMFCMvrOpkg/qQUXTso2XowaNqBbnkuGHurLAqkLBxNGc1hQ==

"@vueuse/core@^8.6.0":
  version "8.6.0"
  resolved "https://registry.npmmirror.com/@vueuse/core/-/core-8.6.0.tgz#a8f80363cc63d17382423f16beae57696f376e67"
  integrity sha512-VirzExCm/N+QdrEWT7J4uSrvJ5hquKIAU9alQ37kUvIJk9XxCLxmfRnmekYc1kz2+6BnoyuKYXVmrMV351CB4w==
  dependencies:
    "@vueuse/metadata" "8.6.0"
    "@vueuse/shared" "8.6.0"
    vue-demi "*"

"@vueuse/metadata@8.6.0":
  version "8.6.0"
  resolved "https://registry.npmmirror.com/@vueuse/metadata/-/metadata-8.6.0.tgz#34771443a72ee891ae001a70aa05dd9a1d799372"
  integrity sha512-F+CKPvaExsm7QgRr8y+ZNJFwXasn89rs5wth/HeX9lJ1q8XEt+HJ16Q5Sxh4rfG5YSKXrStveVge8TKvPjMjFA==

"@vueuse/shared@8.6.0":
  version "8.6.0"
  resolved "https://registry.npmmirror.com/@vueuse/shared/-/shared-8.6.0.tgz#63dad9fc4b73a7fccbe5d6b97adeacf73d4fec41"
  integrity sha512-Y/IVywZo7IfEoSSEtCYpkVEmPV7pU35mEIxV7PbD/D3ly18B3mEsBaPbtDkNM/QP3zAZ5mn4nEkOfddX4uwuIA==
  dependencies:
    vue-demi "*"

"@wry/context@^0.6.0":
  version "0.6.1"
  resolved "https://registry.npmmirror.com/@wry/context/-/context-0.6.1.tgz#c3c29c0ad622adb00f6a53303c4f965ee06ebeb2"
  integrity sha512-LOmVnY1iTU2D8tv4Xf6MVMZZ+juIJ87Kt/plMijjN20NMAXGmH4u8bS1t0uT74cZ5gwpocYueV58YwyI8y+GKw==
  dependencies:
    tslib "^2.3.0"

"@wry/equality@^0.5.0":
  version "0.5.2"
  resolved "https://registry.npmmirror.com/@wry/equality/-/equality-0.5.2.tgz#72c8a7a7d884dff30b612f4f8464eba26c080e73"
  integrity sha512-oVMxbUXL48EV/C0/M7gLVsoK6qRHPS85x8zECofEZOVvxGmIPLA9o5Z27cc2PoAyZz1S2VoM2A7FLAnpfGlneA==
  dependencies:
    tslib "^2.3.0"

"@wry/trie@^0.3.0":
  version "0.3.1"
  resolved "https://registry.npmmirror.com/@wry/trie/-/trie-0.3.1.tgz#2279b790f15032f8bcea7fc944d27988e5b3b139"
  integrity sha512-WwB53ikYudh9pIorgxrkHKrQZcCqNM/Q/bDzZBffEaGUKGuHrRb3zZUT9Sh2qw9yogC7SsdRmQ1ER0pqvd3bfw==
  dependencies:
    tslib "^2.3.0"

ant-design-vue@^3.2.5:
  version "3.2.5"
  resolved "https://registry.npmmirror.com/ant-design-vue/-/ant-design-vue-3.2.5.tgz#caca06fdba370fc351f3408cb16d36c0baac9513"
  integrity sha512-O6nxTHkRgqI3zIZ702hfBM4pamsYJs5ey63DY3BAq5zy1thLxcjjx4K4V2Zf9QtVQgsD8bgf6qb605P14GIqAw==
  dependencies:
    "@ant-design/colors" "^6.0.0"
    "@ant-design/icons-vue" "^6.1.0"
    "@babel/runtime" "^7.10.5"
    "@ctrl/tinycolor" "^3.4.0"
    "@simonwep/pickr" "~1.8.0"
    array-tree-filter "^2.1.0"
    async-validator "^4.0.0"
    dayjs "^1.10.5"
    dom-align "^1.12.1"
    dom-scroll-into-view "^2.0.0"
    lodash "^4.17.21"
    lodash-es "^4.17.15"
    resize-observer-polyfill "^1.5.1"
    scroll-into-view-if-needed "^2.2.25"
    shallow-equal "^1.0.0"
    vue-types "^3.0.0"
    warning "^4.0.0"

array-tree-filter@^2.1.0:
  version "2.1.0"
  resolved "https://registry.npmmirror.com/array-tree-filter/-/array-tree-filter-2.1.0.tgz#873ac00fec83749f255ac8dd083814b4f6329190"
  integrity sha512-4ROwICNlNw/Hqa9v+rk5h22KjmzB1JGTMVKP2AKJBOCgb0yL0ASf0+YvCcLNNwquOHNX48jkeZIJ3a+oOQqKcw==

async-validator@^4.0.0:
  version "4.1.1"
  resolved "https://registry.npmmirror.com/async-validator/-/async-validator-4.1.1.tgz#3cd1437faa2de64743f7d56649dd904c946a18fe"
  integrity sha512-p4DO/JXwjs8klJyJL8Q2oM4ks5fUTze/h5k10oPPKMiLe1fj3G1QMzPHNmN1Py4ycOk7WlO2DcGXv1qiESJCZA==

compute-scroll-into-view@^1.0.17:
  version "1.0.17"
  resolved "https://registry.npmmirror.com/compute-scroll-into-view/-/compute-scroll-into-view-1.0.17.tgz#6a88f18acd9d42e9cf4baa6bec7e0522607ab7ab"
  integrity sha512-j4dx+Fb0URmzbwwMUrhqWM2BEWHdFGx+qZ9qqASHRPqvTYdqvWnHg0H1hIbcyLnvgnoNAVMlwkepyqM3DaIFUg==

core-js@^3.15.1:
  version "3.22.8"
  resolved "https://registry.npmmirror.com/core-js/-/core-js-3.22.8.tgz#23f860b1fe60797cc4f704d76c93fea8a2f60631"
  integrity sha512-UoGQ/cfzGYIuiq6Z7vWL1HfkE9U9IZ4Ub+0XSiJTCzvbZzgPA69oDF2f+lgJ6dFFLEdjW5O6svvoKzXX23xFkA==

csstype@^2.6.8:
  version "2.6.20"
  resolved "https://registry.npmmirror.com/csstype/-/csstype-2.6.20.tgz#9229c65ea0b260cf4d3d997cb06288e36a8d6dda"
  integrity sha512-/WwNkdXfckNgw6S5R125rrW8ez139lBHWouiBvX8dfMFtcn6V81REDqnH7+CRpRipfYlyU1CmOnOxrmGcFOjeA==

dayjs@^1.10.5:
  version "1.11.2"
  resolved "https://registry.npmmirror.com/dayjs/-/dayjs-1.11.2.tgz#fa0f5223ef0d6724b3d8327134890cfe3d72fbe5"
  integrity sha512-F4LXf1OeU9hrSYRPTTj/6FbO4HTjPKXvEIC1P2kcnFurViINCVk3ZV0xAS3XVx9MkMsXbbqlK6hjseaYbgKEHw==

dom-align@^1.12.1:
  version "1.12.3"
  resolved "https://registry.npmmirror.com/dom-align/-/dom-align-1.12.3.tgz#a36d02531dae0eefa2abb0c4db6595250526f103"
  integrity sha512-Gj9hZN3a07cbR6zviMUBOMPdWxYhbMI+x+WS0NAIu2zFZmbK8ys9R79g+iG9qLnlCwpFoaB+fKy8Pdv470GsPA==

dom-scroll-into-view@^2.0.0:
  version "2.0.1"
  resolved "https://registry.npmmirror.com/dom-scroll-into-view/-/dom-scroll-into-view-2.0.1.tgz#0decc8522801fd8d3f1c6ba355a74d382c5f989b"
  integrity sha512-bvVTQe1lfaUr1oFzZX80ce9KLDlZ3iU+XGNE/bz9HnGdklTieqsbmsLHe+rT2XWqopvL0PckkYqN7ksmm5pe3w==

esbuild-android-64@0.14.41:
  version "0.14.41"
  resolved "https://registry.npmmirror.com/esbuild-android-64/-/esbuild-android-64-0.14.41.tgz#34de1b983a81b22207db6faf937a600f15c5ca9b"
  integrity sha512-byyo8LPOGHzAqxbwh2Q72d7L+rXXTsr/KALjsiCySrJ60CGMe80i3bwoQ+WODxsGaH08R//yg5oc7xHKgQz4uw==

esbuild-android-arm64@0.14.41:
  version "0.14.41"
  resolved "https://registry.npmmirror.com/esbuild-android-arm64/-/esbuild-android-arm64-0.14.41.tgz#42ff3d409d4962342a67aef3d2caa9be502e3def"
  integrity sha512-7koo9Dm/mwK4M8PGQX8JQRc4UQ4Wj7DT1nD4BQkVs2jxtHbYOlnsQH0fneKSXZVmnBIHYcntr/e1VU5gnYLvGQ==

esbuild-darwin-64@0.14.41:
  version "0.14.41"
  resolved "https://registry.npmmirror.com/esbuild-darwin-64/-/esbuild-darwin-64-0.14.41.tgz#73d8789b59c6086cfeba9aa59f60cb12cfbe4439"
  integrity sha512-kW8fC2auh9jjmBXudTmlMfbBCMYMuujhxG40CxMhKiQ8NLBK4RU9yUYY6ss7QJp24kVTtKd4IvfwOio9SE53MA==

esbuild-darwin-arm64@0.14.41:
  version "0.14.41"
  resolved "https://registry.npmmirror.com/esbuild-darwin-arm64/-/esbuild-darwin-arm64-0.14.41.tgz#faf5eecd8e8a170aea741f0f0896e73f5b0e0716"
  integrity sha512-cO0EPkiQt0bERH9sZFIoTywWfGhEpshdpvQpDfLh/ZJLeioQfaarM9YDrmID+f7k77djh0mdyfsC6XpS0HlLsw==

esbuild-freebsd-64@0.14.41:
  version "0.14.41"
  resolved "https://registry.npmmirror.com/esbuild-freebsd-64/-/esbuild-freebsd-64-0.14.41.tgz#b44923dfdf84bb3ec3a84739817ea08e4b50c0fb"
  integrity sha512-6tsMDK6b7czCOjsr68BgVogFXcTCWL3T7yFXRFuAmXwY9ybYgX8sybD7ztrRB03dLAPeMxHo+PzeMD6LdVrLdQ==

esbuild-freebsd-arm64@0.14.41:
  version "0.14.41"
  resolved "https://registry.npmmirror.com/esbuild-freebsd-arm64/-/esbuild-freebsd-arm64-0.14.41.tgz#91dac0d5d5a3f9dc4a422628556bd64c98d62c1e"
  integrity sha512-AQ2S/VCLKVBe/+HNiFLyp3w9i7AEtCOWEzKHSkfHk0VO5bPzHd7WJfWmj1Bxliu7vdPESbiDUTJIH3rDt4bzSA==

esbuild-linux-32@0.14.41:
  version "0.14.41"
  resolved "https://registry.npmmirror.com/esbuild-linux-32/-/esbuild-linux-32-0.14.41.tgz#6342094df325df46ad7a3d920af7af04c1a495a9"
  integrity sha512-sb7Kah5Px6BNZ6gzm0nJLuDeAJKbIlaKIoI9zgZ5dFDxZSn91TMAHJz5W39YDJ8+ZaGJYIdqZSpDo+4G769mZw==

esbuild-linux-64@0.14.41:
  version "0.14.41"
  resolved "https://registry.npmmirror.com/esbuild-linux-64/-/esbuild-linux-64-0.14.41.tgz#e7e193c229aa3988202adb92b8567ae504767b8e"
  integrity sha512-PeI0bfbv+5ondZRhPRszptp3RQRRAPxpOB2CYDphKske5+UlCXPi4Af+T++OqhV5TEpymTfxJdJQ1sn1w32coA==

esbuild-linux-arm64@0.14.41:
  version "0.14.41"
  resolved "https://registry.npmmirror.com/esbuild-linux-arm64/-/esbuild-linux-arm64-0.14.41.tgz#ca3d83b2a8ae1f160c05bdc08daa88f54279506c"
  integrity sha512-aAhBX6kVG8hTVuANE90ORobioHdpZLzy8Fibf4XBuG4IuJfjgM5N4wFIq2Tpd+Ykit432PL/YOQhZ4W6nVc4cQ==

esbuild-linux-arm@0.14.41:
  version "0.14.41"
  resolved "https://registry.npmmirror.com/esbuild-linux-arm/-/esbuild-linux-arm-0.14.41.tgz#6f9b5ca9cbdb33b4751b658f7d64c0e907b64685"
  integrity sha512-8DQ6Sv3XNwgu0cnPA3q+kJSqfOYLDqWzpW8dPF+/Or23bS/5EIT/CzN73uIhR8A3AokXIczn88VKti7Xtv+V2g==

esbuild-linux-mips64le@0.14.41:
  version "0.14.41"
  resolved "https://registry.npmmirror.com/esbuild-linux-mips64le/-/esbuild-linux-mips64le-0.14.41.tgz#e21b8dc51d6d3d78e4e3de0ccae20a6b0aae28a1"
  integrity sha512-88xo4FRYQ2laMJnrqZu8j5q531XT/odZnhO5NLWO/NdweIdT8F+QL0fNIBIf+nVkC1d0Psgmt+g35GAODMDl8g==

esbuild-linux-ppc64le@0.14.41:
  version "0.14.41"
  resolved "https://registry.npmmirror.com/esbuild-linux-ppc64le/-/esbuild-linux-ppc64le-0.14.41.tgz#bd70331c3df64ed3c74947d8ec5354a7cb11abae"
  integrity sha512-kJ0r/Cg3LzFzHhbBsvqi/hDPGKMGzFiPGOmUvqTkfVXhRUQtOMkXkyKdP7OEMRb8ctPtnptsZOOXPHRdU0NdJQ==

esbuild-linux-riscv64@0.14.41:
  version "0.14.41"
  resolved "https://registry.npmmirror.com/esbuild-linux-riscv64/-/esbuild-linux-riscv64-0.14.41.tgz#2272aff043bf1fe7b397df25698c8f79605b9b71"
  integrity sha512-ZJ7d/qFRx14J3aP75ccrFSZyuYZ1hu8IVfwVqyQg4jQFgNME2FMz7pZMskBJ0fSW8QcYUnN3RubFXWijyjKUug==

esbuild-linux-s390x@0.14.41:
  version "0.14.41"
  resolved "https://registry.npmmirror.com/esbuild-linux-s390x/-/esbuild-linux-s390x-0.14.41.tgz#01916946a31c1aeb2de5b1b4f21432843fb88f91"
  integrity sha512-xeWAEZt1jAfYkYuyIUuHKpH/oj7O862Je5HTH9E+4sEfoOnZaAmFrisbXjGDKXjMRKYscFlM8wXdNBmiqQlT8g==

esbuild-netbsd-64@0.14.41:
  version "0.14.41"
  resolved "https://registry.npmmirror.com/esbuild-netbsd-64/-/esbuild-netbsd-64-0.14.41.tgz#0a9d3e5c73d362f91178ad21a7e020d246a039e7"
  integrity sha512-X/UE3Asqy594/atYi/STgYtaMQBJwtZKF0KFFdJTkwb6rtaoHCM1o482iHibgnSK7CicuRhyTZ+cNx4OFqRQAg==

esbuild-openbsd-64@0.14.41:
  version "0.14.41"
  resolved "https://registry.npmmirror.com/esbuild-openbsd-64/-/esbuild-openbsd-64-0.14.41.tgz#32c0ec0678a206b0e75340f3a3303f38cb5b3408"
  integrity sha512-6m+1dtdO+4KaU3R0UTT82hxWxWpFCjgSHhQl/PKtMmq+CvvxRQDcTwujLC843M7ChGVWNM2q1s6YCwoA0WQ9kw==

esbuild-sunos-64@0.14.41:
  version "0.14.41"
  resolved "https://registry.npmmirror.com/esbuild-sunos-64/-/esbuild-sunos-64-0.14.41.tgz#2f6f26fbc88778382d61145d2d6ec1c6ad5d47c2"
  integrity sha512-p96tTTcE8/WY7A4Udh+fxVUTGL8rIXOpyxyhZiXug+f7DGbjE24PbewqgIBRSDyM7xRUty+1RzqyJz73YIV6yg==

esbuild-windows-32@0.14.41:
  version "0.14.41"
  resolved "https://registry.npmmirror.com/esbuild-windows-32/-/esbuild-windows-32-0.14.41.tgz#0e7a64b739045596a83ecd9cb0af8c0d85e4d5ed"
  integrity sha512-jS+/pGyPPzrL8tgcvOxLEatV1QPICghKm13EjEVgkeRftl8X6tqRyFv/9eKutczdD3sklMDOJfivoPD32D46Ww==

esbuild-windows-64@0.14.41:
  version "0.14.41"
  resolved "https://registry.npmmirror.com/esbuild-windows-64/-/esbuild-windows-64-0.14.41.tgz#14886c72949e8630160d2277e21fae59778c2b62"
  integrity sha512-vLqmKbV8FJ7LFMrT3zEQpojnUUbXyqhRPVGnAYzc0ESY5yAuom4E9tL7KzZ5H8KEuCUf//AvbyxpE+yOcjpyjA==

esbuild-windows-arm64@0.14.41:
  version "0.14.41"
  resolved "https://registry.npmmirror.com/esbuild-windows-arm64/-/esbuild-windows-arm64-0.14.41.tgz#ad425b8a9fe29bd38b3028af387b5e923e4c54e1"
  integrity sha512-TOvj7kRTfpH4GPPmblvuMNf8oNJ3y2h7a6HttanVnc3QLMm5bNFYLSo6TShLOn0SbqFWGJwHIhGhw2JK96aVhg==

esbuild@^0.14.27:
  version "0.14.41"
  resolved "https://registry.npmmirror.com/esbuild/-/esbuild-0.14.41.tgz#8e20be02a2efc813b87253e7b197beecced74f7d"
  integrity sha512-uZl2CH5nwayLPi1Unhfk+vBBjD3FDlYQ+v24qAlj2oZMYQP8pFs1k3DK5ViD+keF3JnuV4K7JtqVvBmTDwVEbA==
  optionalDependencies:
    esbuild-android-64 "0.14.41"
    esbuild-android-arm64 "0.14.41"
    esbuild-darwin-64 "0.14.41"
    esbuild-darwin-arm64 "0.14.41"
    esbuild-freebsd-64 "0.14.41"
    esbuild-freebsd-arm64 "0.14.41"
    esbuild-linux-32 "0.14.41"
    esbuild-linux-64 "0.14.41"
    esbuild-linux-arm "0.14.41"
    esbuild-linux-arm64 "0.14.41"
    esbuild-linux-mips64le "0.14.41"
    esbuild-linux-ppc64le "0.14.41"
    esbuild-linux-riscv64 "0.14.41"
    esbuild-linux-s390x "0.14.41"
    esbuild-netbsd-64 "0.14.41"
    esbuild-openbsd-64 "0.14.41"
    esbuild-sunos-64 "0.14.41"
    esbuild-windows-32 "0.14.41"
    esbuild-windows-64 "0.14.41"
    esbuild-windows-arm64 "0.14.41"

estree-walker@^2.0.2:
  version "2.0.2"
  resolved "https://registry.npmmirror.com/estree-walker/-/estree-walker-2.0.2.tgz#52f010178c2a4c117a7757cfe942adb7d2da4cac"
  integrity sha512-Rfkk/Mp/DL7JVje3u18FxFujQlTNR2q6QfMSMB7AvCBx91NGj/ba3kCfza0f6dVDbw7YlRf/nDrn7pQrCCyQ/w==

fsevents@~2.3.2:
  version "2.3.2"
  resolved "https://registry.npmmirror.com/fsevents/-/fsevents-2.3.2.tgz#8a526f78b8fdf4623b709e0b975c52c24c02fd1a"
  integrity sha512-xiqMQR4xAeHTuB9uWm+fFRcIOgKBMiOBP+eXiyT7jsgVCq1bkVygt00oASowB7EdtpOHaaPgKt812P9ab+DDKA==

function-bind@^1.1.1:
  version "1.1.1"
  resolved "https://registry.npmmirror.com/function-bind/-/function-bind-1.1.1.tgz#a56899d3ea3c9bab874bb9773b7c5ede92f4895d"
  integrity sha512-yIovAzMX49sF8Yl58fSCWJ5svSLuaibPxXQJFLmBObTuCr0Mf1KiPopGM9NiFjiYBCbfaa2Fh6breQ6ANVTI0A==

graphql-tag@^2.12.6:
  version "2.12.6"
  resolved "https://registry.npmmirror.com/graphql-tag/-/graphql-tag-2.12.6.tgz#d441a569c1d2537ef10ca3d1633b48725329b5f1"
  integrity sha512-FdSNcu2QQcWnM2VNvSCCDCVS5PpPqpzgFT8+GXzqJuoDd0CBncxCY278u4mhRO7tMgo2JjgJA5aZ+nWSQ/Z+xg==
  dependencies:
    tslib "^2.1.0"

graphql@^16.5.0:
  version "16.5.0"
  resolved "https://registry.npmmirror.com/graphql/-/graphql-16.5.0.tgz#41b5c1182eaac7f3d47164fb247f61e4dfb69c85"
  integrity sha512-qbHgh8Ix+j/qY+a/ZcJnFQ+j8ezakqPiHwPiZhV/3PgGlgf96QMBB5/f2rkiC9sgLoy/xvT6TSiaf2nTHJh5iA==

has@^1.0.3:
  version "1.0.3"
  resolved "https://registry.npmmirror.com/has/-/has-1.0.3.tgz#722d7cbfc1f6aa8241f16dd814e011e1f41e8796"
  integrity sha512-f2dvO0VU6Oej7RkWJGrehjbzMAjFp5/VKPp5tTpWIV4JHHZK1/BxbFRtf/siA2SWTe09caDmVtYYzWEIbBS4zw==
  dependencies:
    function-bind "^1.1.1"

hoist-non-react-statics@^3.3.2:
  version "3.3.2"
  resolved "https://registry.npmmirror.com/hoist-non-react-statics/-/hoist-non-react-statics-3.3.2.tgz#ece0acaf71d62c2969c2ec59feff42a4b1a85b45"
  integrity sha512-/gGivxi8JPKWNm/W0jSmzcMPpfpPLc3dY/6GxhX2hQ9iGj3aDfklV4ET7NjKpSinLpJ5vafa9iiGIEZg10SfBw==
  dependencies:
    react-is "^16.7.0"

ids@^1.0.0:
  version "1.0.0"
  resolved "https://registry.npmmirror.com/ids/-/ids-1.0.0.tgz#df67f2d37b81d7c2effc87e03d17ebff95a58c05"
  integrity sha512-Zvtq1xUto4LttpstyOlFum8lKx+i1OmRfg+6A9drFS9iSZsDPMHG4Sof/qwNR4kCU7jBeWFPrY2ocHxiz7cCRw==

is-core-module@^2.8.1:
  version "2.9.0"
  resolved "https://registry.npmmirror.com/is-core-module/-/is-core-module-2.9.0.tgz#e1c34429cd51c6dd9e09e0799e396e27b19a9c69"
  integrity sha512-+5FPy5PnwmO3lvfMb0AsoPaBG+5KHUI0wYFXOtYPnVVVspTFUuMZNfNaNVRt3FZadstu2c8x23vykRW/NBoU6A==
  dependencies:
    has "^1.0.3"

is-plain-object@3.0.1:
  version "3.0.1"
  resolved "https://registry.npmmirror.com/is-plain-object/-/is-plain-object-3.0.1.tgz#662d92d24c0aa4302407b0d45d21f2251c85f85b"
  integrity sha512-Xnpx182SBMrr/aBik8y+GuR4U1L9FqMSojwDQwPMmxyC6bvEqly9UBCxhauBF5vNh2gwWJNX6oDV7O+OM4z34g==

"js-tokens@^3.0.0 || ^4.0.0":
  version "4.0.0"
  resolved "https://registry.npmmirror.com/js-tokens/-/js-tokens-4.0.0.tgz#19203fb59991df98e3a287050d4647cdeaf32499"
  integrity sha512-RdJUflcE3cUzKiMqQgsCu06FPu9UdIJO0beYbPhHN4k6apgJtifcoCtT9bcxOpYBtpD2kCM6Sbzg4CausW/PKQ==

lodash-es@^4.17.15:
  version "4.17.21"
  resolved "https://registry.npmmirror.com/lodash-es/-/lodash-es-4.17.21.tgz#43e626c46e6591b7750beb2b50117390c609e3ee"
  integrity sha512-mKnC+QJ9pWVzv+C4/U3rRsHapFfHvQFoFB92e52xeyGMcX6/OlIl78je1u8vePzYZSkkogMPJ2yjxxsb89cxyw==

lodash@^4.17.21:
  version "4.17.21"
  resolved "https://registry.npmmirror.com/lodash/-/lodash-4.17.21.tgz#679591c564c3bffaae8454cf0b3df370c3d6911c"
  integrity sha512-v2kDEe57lecTulaDIuNTPy3Ry4gLGJ6Z1O3vE1krgXZNrsQ+LFTGHVxVjcXPs17LhbZVGedAJv8XZ1tvj5FvSg==

loose-envify@^1.0.0, loose-envify@^1.4.0:
  version "1.4.0"
  resolved "https://registry.npmmirror.com/loose-envify/-/loose-envify-1.4.0.tgz#71ee51fa7be4caec1a63839f7e682d8132d30caf"
  integrity sha512-lyuxPGr/Wfhrlem2CL/UcnUc1zcqKAImBDzukY7Y5F/yQiNdko6+fRLevlw1HgMySw7f611UIY408EtxRSoK3Q==
  dependencies:
    js-tokens "^3.0.0 || ^4.0.0"

magic-string@^0.25.7:
  version "0.25.9"
  resolved "https://registry.npmmirror.com/magic-string/-/magic-string-0.25.9.tgz#de7f9faf91ef8a1c91d02c2e5314c8277dbcdd1c"
  integrity sha512-RmF0AsMzgt25qzqqLc1+MbHmhdx0ojF2Fvs4XnOqz2ZOBXzzkEwc/dJQZCYHAn7v1jbVOjAZfK8msRn4BxO4VQ==
  dependencies:
    sourcemap-codec "^1.4.8"

mitt@^3.0.0:
  version "3.0.0"
  resolved "https://registry.npmmirror.com/mitt/-/mitt-3.0.0.tgz#69ef9bd5c80ff6f57473e8d89326d01c414be0bd"
  integrity sha512-7dX2/10ITVyqh4aOSVI9gdape+t9l2/8QxHrFmUXu4EEUpdlxl6RudZUPZoc+zuY2hk1j7XxVroIVIan/pD/SQ==

mousetrap@^1.6.5:
  version "1.6.5"
  resolved "https://registry.npmmirror.com/mousetrap/-/mousetrap-1.6.5.tgz#8a766d8c272b08393d5f56074e0b5ec183485bf9"
  integrity sha512-QNo4kEepaIBwiT8CDhP98umTetp+JNfQYBWvC1pc6/OAibuXtRcxZ58Qz8skvEHYvURne/7R8T5VoOI7rDsEUA==

nanoid@^3.3.4:
  version "3.3.4"
  resolved "https://registry.npmmirror.com/nanoid/-/nanoid-3.3.4.tgz#730b67e3cd09e2deacf03c027c81c9d9dbc5e8ab"
  integrity sha512-MqBkQh/OHTS2egovRtLk45wEyNXwF+cokD+1YPf9u5VfJiRdAiRwB2froX5Co9Rh20xs4siNPm8naNotSD6RBw==

nanopop@^2.1.0:
  version "2.1.0"
  resolved "https://registry.npmmirror.com/nanopop/-/nanopop-2.1.0.tgz#23476513cee2405888afd2e8a4b54066b70b9e60"
  integrity sha512-jGTwpFRexSH+fxappnGQtN9dspgE2ipa1aOjtR24igG0pv6JCxImIAmrLRHX+zUF5+1wtsFVbKyfP51kIGAVNw==

object-assign@^4.1.1:
  version "4.1.1"
  resolved "https://registry.npmmirror.com/object-assign/-/object-assign-4.1.1.tgz#2109adc7965887cfc05cbbd442cac8bfbb360863"
  integrity sha512-rJgTQnkUnH1sFw8yT6VSU3zD3sWmu6sZhIseY8VX+GRu3P6F7Fu+JNDoXfklElbLJSnc3FUQHVe4cU5hj+BcUg==

optimism@^0.16.1:
  version "0.16.1"
  resolved "https://registry.npmmirror.com/optimism/-/optimism-0.16.1.tgz#7c8efc1f3179f18307b887e18c15c5b7133f6e7d"
  integrity sha512-64i+Uw3otrndfq5kaoGNoY7pvOhSsjFEN4bdEFh80MWVk/dbgJfMv7VFDeCT8LxNAlEVhQmdVEbfE7X2nWNIIg==
  dependencies:
    "@wry/context" "^0.6.0"
    "@wry/trie" "^0.3.0"

path-parse@^1.0.7:
  version "1.0.7"
  resolved "https://registry.npmmirror.com/path-parse/-/path-parse-1.0.7.tgz#fbc114b60ca42b30d9daf5858e4bd68bbedb6735"
  integrity sha512-LDJzPVEEEPR+y48z93A0Ed0yXb8pAByGWo/k5YYdYgpY2/2EsOsksJrq7lOHxryrVOn1ejG6oAp8ahvOIQD8sw==

picocolors@^1.0.0:
  version "1.0.0"
  resolved "https://registry.npmmirror.com/picocolors/-/picocolors-1.0.0.tgz#cb5bdc74ff3f51892236eaf79d68bc44564ab81c"
  integrity sha512-1fygroTLlHu66zi26VoTDv8yRgm0Fccecssto+MhsZ0D/DGW2sm8E8AjW7NU5VVTRt5GxbeZ5qBuJr+HyLYkjQ==

pinia@^2.0.14:
  version "2.0.14"
  resolved "https://registry.npmmirror.com/pinia/-/pinia-2.0.14.tgz#0837898c20291ebac982bbfca95c8d3c6099925f"
  integrity sha512-0nPuZR4TetT/WcLN+feMSjWJku3SQU7dBbXC6uw+R6FLQJCsg+/0pzXyD82T1FmAYe0lsx+jnEDQ1BLgkRKlxA==
  dependencies:
    "@vue/devtools-api" "^6.1.4"
    vue-demi "*"

postcss@^8.1.10, postcss@^8.4.13:
  version "8.4.14"
  resolved "https://registry.npmmirror.com/postcss/-/postcss-8.4.14.tgz#ee9274d5622b4858c1007a74d76e42e56fd21caf"
  integrity sha512-E398TUmfAYFPBSdzgeieK2Y1+1cpdxJx8yXbK/m57nRhKSmk1GB2tO4lbLBtlkfPQTDKfe4Xqv1ASWPpayPEig==
  dependencies:
    nanoid "^3.3.4"
    picocolors "^1.0.0"
    source-map-js "^1.0.2"

preact@^10.4.8:
  version "10.7.3"
  resolved "https://registry.npmmirror.com/preact/-/preact-10.7.3.tgz#f98c09a29cb8dbb22e5fc824a1edcc377fc42b5a"
  integrity sha512-giqJXP8VbtA1tyGa3f1n9wiN7PrHtONrDyE3T+ifjr/tTkg+2N4d/6sjC9WyJKv8wM7rOYDveqy5ZoFmYlwo4w==

prop-types@^15.7.2:
  version "15.8.1"
  resolved "https://registry.npmmirror.com/prop-types/-/prop-types-15.8.1.tgz#67d87bf1a694f48435cf332c24af10214a3140b5"
  integrity sha512-oj87CgZICdulUohogVAR7AjlC0327U4el4L6eAvOqCeudMDVU0NThNaV+b9Df4dXgSP1gXMTnPdhfe/2qDH5cg==
  dependencies:
    loose-envify "^1.4.0"
    object-assign "^4.1.1"
    react-is "^16.13.1"

react-is@^16.13.1, react-is@^16.7.0:
  version "16.13.1"
  resolved "https://registry.npmmirror.com/react-is/-/react-is-16.13.1.tgz#789729a4dc36de2999dc156dd6c1d9c18cea56a4"
  integrity sha512-24e6ynE2H+OKt4kqsOvNd8kBpV65zoxbA4BVsEOB3ARVWQki/DHzaUoC5KuON/BiccDaCCTZBuOcfZs70kR8bQ==

regenerator-runtime@^0.13.4:
  version "0.13.9"
  resolved "https://registry.npmmirror.com/regenerator-runtime/-/regenerator-runtime-0.13.9.tgz#8925742a98ffd90814988d7566ad30ca3b263b52"
  integrity sha512-p3VT+cOEgxFsRRA9X4lkI1E+k2/CtnKtU4gcxyaCUreilL/vqI6CdZ3wxVUx3UOUg+gnUOQQcRI7BmSI656MYA==

resize-observer-polyfill@^1.5.1:
  version "1.5.1"
  resolved "https://registry.npmmirror.com/resize-observer-polyfill/-/resize-observer-polyfill-1.5.1.tgz#0e9020dd3d21024458d4ebd27e23e40269810464"
  integrity sha512-LwZrotdHOo12nQuZlHEmtuXdqGoOD0OhaxopaNFxWzInpEgaLWoVuAMbTzixuosCx2nEG58ngzW3vxdWoxIgdg==

resolve@^1.22.0:
  version "1.22.0"
  resolved "https://registry.npmmirror.com/resolve/-/resolve-1.22.0.tgz#5e0b8c67c15df57a89bdbabe603a002f21731198"
  integrity sha512-Hhtrw0nLeSrFQ7phPp4OOcVjLPIeMnRlr5mcnVuMe7M/7eBn98A3hmFRLoFo3DLZkivSYwhRUJTyPyWAk56WLw==
  dependencies:
    is-core-module "^2.8.1"
    path-parse "^1.0.7"
    supports-preserve-symlinks-flag "^1.0.0"

rollup@^2.59.0:
  version "2.75.0"
  resolved "https://registry.npmmirror.com/rollup/-/rollup-2.75.0.tgz#c4c1c2bf46c706823f5f0eee046c7a1cbdda5038"
  integrity sha512-1/wxtweHJ7YwI2AIK3ZgCBU3nbW8sLnBIFwN46cwOTnVzt8f1o6J8zPKjwoiuADvzSjmnLqJce31p0q2vQ+dqw==
  optionalDependencies:
    fsevents "~2.3.2"

scroll-into-view-if-needed@^2.2.25:
  version "2.2.29"
  resolved "https://registry.npmmirror.com/scroll-into-view-if-needed/-/scroll-into-view-if-needed-2.2.29.tgz#551791a84b7e2287706511f8c68161e4990ab885"
  integrity sha512-hxpAR6AN+Gh53AdAimHM6C8oTN1ppwVZITihix+WqalywBeFcQ6LdQP5ABNl26nX8GTEL7VT+b8lKpdqq65wXg==
  dependencies:
    compute-scroll-into-view "^1.0.17"

shallow-equal@^1.0.0:
  version "1.2.1"
  resolved "https://registry.npmmirror.com/shallow-equal/-/shallow-equal-1.2.1.tgz#4c16abfa56043aa20d050324efa68940b0da79da"
  integrity sha512-S4vJDjHHMBaiZuT9NPb616CSmLf618jawtv3sufLl6ivK8WocjAo58cXwbRV1cgqxH0Qbv+iUt6m05eqEa2IRA==

source-map-js@^1.0.2:
  version "1.0.2"
  resolved "https://registry.npmmirror.com/source-map-js/-/source-map-js-1.0.2.tgz#adbc361d9c62df380125e7f161f71c826f1e490c"
  integrity sha512-R0XvVJ9WusLiqTCEiGCmICCMplcCkIwwR11mOSD9CR5u+IXYdiseeEuXCVAjS54zqwkLcPNnmU4OeJ6tUrWhDw==

source-map@^0.6.1:
  version "0.6.1"
  resolved "https://registry.npmmirror.com/source-map/-/source-map-0.6.1.tgz#74722af32e9614e9c287a8d0bbde48b5e2f1a263"
  integrity sha512-UjgapumWlbMhkBgzT7Ykc5YXUT46F0iKu8SGXq0bcwP5dz/h0Plj6enJqjz1Zbq2l5WaqYnrVbwWOWMyF3F47g==

sourcemap-codec@^1.4.8:
  version "1.4.8"
  resolved "https://registry.npmmirror.com/sourcemap-codec/-/sourcemap-codec-1.4.8.tgz#ea804bd94857402e6992d05a38ef1ae35a9ab4c4"
  integrity sha512-9NykojV5Uih4lgo5So5dtw+f0JgJX30KCNI8gwhz2J9A15wD0Ml6tjHKwf6fTSa6fAdVBdZeNOs9eJ71qCk8vA==

supports-preserve-symlinks-flag@^1.0.0:
  version "1.0.0"
  resolved "https://registry.npmmirror.com/supports-preserve-symlinks-flag/-/supports-preserve-symlinks-flag-1.0.0.tgz#6eda4bd344a3c94aea376d4cc31bc77311039e09"
  integrity sha512-ot0WnXS9fgdkgIcePe6RHNk1WA8+muPa6cSjeR3V8K27q9BB1rTE3R1p7Hv0z1ZyAc8s6Vvv8DIyWf681MAt0w==

symbol-observable@^4.0.0:
  version "4.0.0"
  resolved "https://registry.npmmirror.com/symbol-observable/-/symbol-observable-4.0.0.tgz#5b425f192279e87f2f9b937ac8540d1984b39205"
  integrity sha512-b19dMThMV4HVFynSAM1++gBHAbk2Tc/osgLIBZMKsyqh34jb2e8Os7T6ZW/Bt3pJFdBTd2JwAnAAEQV7rSNvcQ==

ts-invariant@^0.10.3:
  version "0.10.3"
  resolved "https://registry.npmmirror.com/ts-invariant/-/ts-invariant-0.10.3.tgz#3e048ff96e91459ffca01304dbc7f61c1f642f6c"
  integrity sha512-uivwYcQaxAucv1CzRp2n/QdYPo4ILf9VXgH19zEIjFx2EJufV16P0JtJVpYHy89DItG6Kwj2oIUjrcK5au+4tQ==
  dependencies:
    tslib "^2.1.0"

tslib@^2.1.0, tslib@^2.3.0:
  version "2.4.0"
  resolved "https://registry.npmmirror.com/tslib/-/tslib-2.4.0.tgz#7cecaa7f073ce680a05847aa77be941098f36dc3"
  integrity sha512-d6xOpEDfsi2CZVlPQzGeux8XMwLT9hssAsaPYExaQMuYskwb+x1x7J371tWlbBdWHroy99KnVB6qIkUbs5X3UQ==

typescript@^4.5.4:
  version "4.7.2"
  resolved "https://registry.npmmirror.com/typescript/-/typescript-4.7.2.tgz#1f9aa2ceb9af87cca227813b4310fff0b51593c4"
  integrity sha512-Mamb1iX2FDUpcTRzltPxgWMKy3fhg0TN378ylbktPGPK/99KbDtMQ4W1hwgsbPAsG3a0xKa1vmw4VKZQbkvz5A==

vite@^2.9.9:
  version "2.9.9"
  resolved "https://registry.npmmirror.com/vite/-/vite-2.9.9.tgz#8b558987db5e60fedec2f4b003b73164cb081c5e"
  integrity sha512-ffaam+NgHfbEmfw/Vuh6BHKKlI/XIAhxE5QSS7gFLIngxg171mg1P3a4LSRME0z2ZU1ScxoKzphkipcYwSD5Ew==
  dependencies:
    esbuild "^0.14.27"
    postcss "^8.4.13"
    resolve "^1.22.0"
    rollup "^2.59.0"
  optionalDependencies:
    fsevents "~2.3.2"

vue-demi@*:
  version "0.12.5"
  resolved "https://registry.npmmirror.com/vue-demi/-/vue-demi-0.12.5.tgz#8eeed566a7d86eb090209a11723f887d28aeb2d1"
  integrity sha512-BREuTgTYlUr0zw0EZn3hnhC3I6gPWv+Kwh4MCih6QcAeaTlaIX0DwOVN0wHej7hSvDPecz4jygy/idsgKfW58Q==

vue-router@^4.0.15:
  version "4.0.15"
  resolved "https://registry.npmmirror.com/vue-router/-/vue-router-4.0.15.tgz#b4a0661efe197f8c724e0f233308f8776e2c3667"
  integrity sha512-xa+pIN9ZqORdIW1MkN2+d9Ui2pCM1b/UMgwYUCZOiFYHAvz/slKKBDha8DLrh5aCG/RibtrpyhKjKOZ85tYyWg==
  dependencies:
    "@vue/devtools-api" "^6.0.0"

vue-tsc@^0.34.7:
  version "0.34.16"
  resolved "https://registry.npmmirror.com/vue-tsc/-/vue-tsc-0.34.16.tgz#92cc8cc23bc3e979d44bc8ed9a318d46ee5201fa"
  integrity sha512-9tYBQIOyl3Tz8ZrlYUKtftu5m/wXHfxCalyjR22QzSaUJoBJmZeNOoVs/QEllc0z4ideEZxvvU+pBFdoY3O16A==
  dependencies:
    "@volar/vue-typescript" "0.34.16"

vue-types@^3.0.0:
  version "3.0.2"
  resolved "https://registry.npmmirror.com/vue-types/-/vue-types-3.0.2.tgz#ec16e05d412c038262fc1efa4ceb9647e7fb601d"
  integrity sha512-IwUC0Aq2zwaXqy74h4WCvFCUtoV0iSWr0snWnE9TnU18S66GAQyqQbRf2qfJtUuiFsBf6qp0MEwdonlwznlcrw==
  dependencies:
    is-plain-object "3.0.1"

vue@^3.2.25:
  version "3.2.36"
  resolved "https://registry.npmmirror.com/vue/-/vue-3.2.36.tgz#8daa996e2ced521708de97d066c7c998e8bc3378"
  integrity sha512-5yTXmrE6gW8IQgttzHW5bfBiFA6mx35ZXHjGLDmKYzW6MMmYvCwuKybANRepwkMYeXw2v1buGg3/lPICY5YlZw==
  dependencies:
    "@vue/compiler-dom" "3.2.36"
    "@vue/compiler-sfc" "3.2.36"
    "@vue/runtime-dom" "3.2.36"
    "@vue/server-renderer" "3.2.36"
    "@vue/shared" "3.2.36"

warning@^4.0.0:
  version "4.0.3"
  resolved "https://registry.npmmirror.com/warning/-/warning-4.0.3.tgz#16e9e077eb8a86d6af7d64aa1e05fd85b4678ca3"
  integrity sha512-rpJyN222KWIvHJ/F53XSZv0Zl/accqHR8et1kpaMTD/fLCRxtV8iX8czMzY7sVZupTI3zcUTg8eycS2kNF9l6w==
  dependencies:
    loose-envify "^1.0.0"

zen-observable-ts@^1.2.5:
  version "1.2.5"
  resolved "https://registry.npmmirror.com/zen-observable-ts/-/zen-observable-ts-1.2.5.tgz#6c6d9ea3d3a842812c6e9519209365a122ba8b58"
  integrity sha512-QZWQekv6iB72Naeake9hS1KxHlotfRpe+WGNbNx5/ta+R3DNjVO2bswf63gXlWDcs+EMd7XY8HfVQyP1X6T4Zg==
  dependencies:
    zen-observable "0.8.15"

zen-observable@0.8.15:
  version "0.8.15"
  resolved "https://registry.npmmirror.com/zen-observable/-/zen-observable-0.8.15.tgz#96415c512d8e3ffd920afd3889604e30b9eaac15"
  integrity sha512-PQ2PC7R9rslx84ndNBZB/Dkv8V8fZEpk83RLgXtYd0fwUgEjseMn1Dgajh2x6S8QbZAFa9p2qVCEuYZNgve0dQ==
